
Microsoft Visual Studio Solution File, Format Version 12.00
# Visual Studio Version 16
VisualStudioVersion = 16.0.33529.622
MinimumVisualStudioVersion = 10.0.40219.1
Project("{9A19103F-16F7-4668-BE54-9A1E7A4F7556}") = "API", "API\API.csproj", "{456C37AB-B2AB-4420-9900-7A6C1BD7B62B}"
EndProject
Project("{FAE04EC0-301F-11D3-BF4B-00C04F79EFBC}") = "API.Domain", "API.Domain\API.Domain.csproj", "{2236A982-93A1-4B28-842E-858F3B1185C5}"
EndProject
Project("{FAE04EC0-301F-11D3-BF4B-00C04F79EFBC}") = "API.Infra", "API.Infra\API.Infra.csproj", "{E4243E4A-614E-44BC-811F-7FA1FB201F85}"
EndProject
Project("{FAE04EC0-301F-11D3-BF4B-00C04F79EFBC}") = "API.DAL", "API.DAL\API.DAL.csproj", "{AB5E0C48-87C8-4F73-AA73-88A5ACDD3AFD}"
EndProject
Global
	GlobalSection(SolutionConfigurationPlatforms) = preSolution
		Debug|Any CPU = Debug|Any CPU
		Release|Any CPU = Release|Any CPU
	EndGlobalSection
	GlobalSection(ProjectConfigurationPlatforms) = postSolution
		{456C37AB-B2AB-4420-9900-7A6C1BD7B62B}.Debug|Any CPU.ActiveCfg = Debug|Any CPU
		{456C37AB-B2AB-4420-9900-7A6C1BD7B62B}.Debug|Any CPU.Build.0 = Debug|Any CPU
		{456C37AB-B2AB-4420-9900-7A6C1BD7B62B}.Release|Any CPU.ActiveCfg = Release|Any CPU
		{456C37AB-B2AB-4420-9900-7A6C1BD7B62B}.Release|Any CPU.Build.0 = Release|Any CPU
		{2236A982-93A1-4B28-842E-858F3B1185C5}.Debug|Any CPU.ActiveCfg = Debug|Any CPU
		{2236A982-93A1-4B28-842E-858F3B1185C5}.Debug|Any CPU.Build.0 = Debug|Any CPU
		{2236A982-93A1-4B28-842E-858F3B1185C5}.Release|Any CPU.ActiveCfg = Release|Any CPU
		{2236A982-93A1-4B28-842E-858F3B1185C5}.Release|Any CPU.Build.0 = Release|Any CPU
		{E4243E4A-614E-44BC-811F-7FA1FB201F85}.Debug|Any CPU.ActiveCfg = Debug|Any CPU
		{E4243E4A-614E-44BC-811F-7FA1FB201F85}.Debug|Any CPU.Build.0 = Debug|Any CPU
		{E4243E4A-614E-44BC-811F-7FA1FB201F85}.Release|Any CPU.ActiveCfg = Release|Any CPU
		{E4243E4A-614E-44BC-811F-7FA1FB201F85}.Release|Any CPU.Build.0 = Release|Any CPU
		{AB5E0C48-87C8-4F73-AA73-88A5ACDD3AFD}.Debug|Any CPU.ActiveCfg = Debug|Any CPU
		{AB5E0C48-87C8-4F73-AA73-88A5ACDD3AFD}.Debug|Any CPU.Build.0 = Debug|Any CPU
		{AB5E0C48-87C8-4F73-AA73-88A5ACDD3AFD}.Release|Any CPU.ActiveCfg = Release|Any CPU
		{AB5E0C48-87C8-4F73-AA73-88A5ACDD3AFD}.Release|Any CPU.Build.0 = Release|Any CPU
	EndGlobalSection
	GlobalSection(SolutionProperties) = preSolution
		HideSolutionNode = FALSE
	EndGlobalSection
	GlobalSection(ExtensibilityGlobals) = postSolution
		SolutionGuid = {148DB619-3CA8-49C0-BC44-AAB5890CB5B2}
	EndGlobalSection
EndGlobal
